
Microsoft Visual Studio Solution File, Format Version 12.00
# Visual Studio Express 15 for Windows Desktop
VisualStudioVersion = 15.0.28307.1000
MinimumVisualStudioVersion = 10.0.40219.1
Project("{FAE04EC0-301F-11D3-BF4B-00C04F79EFBC}") = "1", "TaskSolutions\1.csproj", "{063AD9B9-B9A9-4D4E-8686-97A97DE2D3EC}"
EndProject
Project("{FAE04EC0-301F-11D3-BF4B-00C04F79EFBC}") = "2", "2\2.csproj", "{9D7789F0-93EC-42F9-8952-58D60CEB6E69}"
EndProject
Project("{FAE04EC0-301F-11D3-BF4B-00C04F79EFBC}") = "7", "7\7.csproj", "{94CE2004-A533-4AD3-BEF7-9EDB7A128704}"
EndProject
Global
	GlobalSection(SolutionConfigurationPlatforms) = preSolution
		Debug|Any CPU = Debug|Any CPU
		Release|Any CPU = Release|Any CPU
	EndGlobalSection
	GlobalSection(ProjectConfigurationPlatforms) = postSolution
		{063AD9B9-B9A9-4D4E-8686-97A97DE2D3EC}.Debug|Any CPU.ActiveCfg = Debug|Any CPU
		{063AD9B9-B9A9-4D4E-8686-97A97DE2D3EC}.Debug|Any CPU.Build.0 = Debug|Any CPU
		{063AD9B9-B9A9-4D4E-8686-97A97DE2D3EC}.Release|Any CPU.ActiveCfg = Release|Any CPU
		{063AD9B9-B9A9-4D4E-8686-97A97DE2D3EC}.Release|Any CPU.Build.0 = Release|Any CPU
		{9D7789F0-93EC-42F9-8952-58D60CEB6E69}.Debug|Any CPU.ActiveCfg = Debug|Any CPU
		{9D7789F0-93EC-42F9-8952-58D60CEB6E69}.Debug|Any CPU.Build.0 = Debug|Any CPU
		{9D7789F0-93EC-42F9-8952-58D60CEB6E69}.Release|Any CPU.ActiveCfg = Release|Any CPU
		{9D7789F0-93EC-42F9-8952-58D60CEB6E69}.Release|Any CPU.Build.0 = Release|Any CPU
		{94CE2004-A533-4AD3-BEF7-9EDB7A128704}.Debug|Any CPU.ActiveCfg = Debug|Any CPU
		{94CE2004-A533-4AD3-BEF7-9EDB7A128704}.Debug|Any CPU.Build.0 = Debug|Any CPU
		{94CE2004-A533-4AD3-BEF7-9EDB7A128704}.Release|Any CPU.ActiveCfg = Release|Any CPU
		{94CE2004-A533-4AD3-BEF7-9EDB7A128704}.Release|Any CPU.Build.0 = Release|Any CPU
	EndGlobalSection
	GlobalSection(SolutionProperties) = preSolution
		HideSolutionNode = FALSE
	EndGlobalSection
	GlobalSection(ExtensibilityGlobals) = postSolution
		SolutionGuid = {3F307C74-7F53-4A61-80A1-0821DE8CF6CB}
	EndGlobalSection
EndGlobal
